
Microsoft Visual Studio Solution File, Format Version 12.00
# Visual Studio 14
VisualStudioVersion = 14.0.25420.1
MinimumVisualStudioVersion = 10.0.40219.1
Project("{FAE04EC0-301F-11D3-BF4B-00C04F79EFBC}") = "CetbixCVD", "ScriptWpf\CetbixCVD.csproj", "{D069A32F-5E84-4E11-8B25-6C7E7F31A93C}"
EndProject
Project("{54435603-DBB4-11D2-8724-00A0C9A8B90C}") = "Cetbix CVD Version 2.7 Installer", "Cetbix CVD Version 2.7 Installer\Cetbix CVD Version 2.7 Installer.vdproj", "{6A3B64EA-BEA3-4C35-9995-86AE17B382CD}"
EndProject
Project("{FAE04EC0-301F-11D3-BF4B-00C04F79EFBC}") = "LicenseCheckerCustomAction", "LicenseCheckerCustomAction\LicenseCheckerCustomAction.csproj", "{8ACDD674-C0BA-4BB6-B9FB-E9C85F2FF1DD}"
EndProject
Project("{FAE04EC0-301F-11D3-BF4B-00C04F79EFBC}") = "KeyChecker", "KeyChecker\KeyChecker.csproj", "{84BA66CC-D7B4-49C2-8DAF-8F22CF23A6F2}"
EndProject
Global
	GlobalSection(SolutionConfigurationPlatforms) = preSolution
		Debug|Any CPU = Debug|Any CPU
		Debug|x86 = Debug|x86
		Release|Any CPU = Release|Any CPU
		Release|x86 = Release|x86
	EndGlobalSection
	GlobalSection(ProjectConfigurationPlatforms) = postSolution
		{D069A32F-5E84-4E11-8B25-6C7E7F31A93C}.Debug|Any CPU.ActiveCfg = Debug|Any CPU
		{D069A32F-5E84-4E11-8B25-6C7E7F31A93C}.Debug|Any CPU.Build.0 = Debug|Any CPU
		{D069A32F-5E84-4E11-8B25-6C7E7F31A93C}.Debug|x86.ActiveCfg = Debug|Any CPU
		{D069A32F-5E84-4E11-8B25-6C7E7F31A93C}.Debug|x86.Build.0 = Debug|Any CPU
		{D069A32F-5E84-4E11-8B25-6C7E7F31A93C}.Release|Any CPU.ActiveCfg = Release|Any CPU
		{D069A32F-5E84-4E11-8B25-6C7E7F31A93C}.Release|Any CPU.Build.0 = Release|Any CPU
		{D069A32F-5E84-4E11-8B25-6C7E7F31A93C}.Release|x86.ActiveCfg = Release|Any CPU
		{D069A32F-5E84-4E11-8B25-6C7E7F31A93C}.Release|x86.Build.0 = Release|Any CPU
		{6A3B64EA-BEA3-4C35-9995-86AE17B382CD}.Debug|Any CPU.ActiveCfg = Debug
		{6A3B64EA-BEA3-4C35-9995-86AE17B382CD}.Debug|x86.ActiveCfg = Debug
		{6A3B64EA-BEA3-4C35-9995-86AE17B382CD}.Debug|x86.Build.0 = Debug
		{6A3B64EA-BEA3-4C35-9995-86AE17B382CD}.Release|Any CPU.ActiveCfg = Release
		{6A3B64EA-BEA3-4C35-9995-86AE17B382CD}.Release|x86.ActiveCfg = Release
		{6A3B64EA-BEA3-4C35-9995-86AE17B382CD}.Release|x86.Build.0 = Release
		{8ACDD674-C0BA-4BB6-B9FB-E9C85F2FF1DD}.Debug|Any CPU.ActiveCfg = Debug|x86
		{8ACDD674-C0BA-4BB6-B9FB-E9C85F2FF1DD}.Debug|x86.ActiveCfg = Debug|x86
		{8ACDD674-C0BA-4BB6-B9FB-E9C85F2FF1DD}.Debug|x86.Build.0 = Debug|x86
		{8ACDD674-C0BA-4BB6-B9FB-E9C85F2FF1DD}.Release|Any CPU.ActiveCfg = Release|x86
		{8ACDD674-C0BA-4BB6-B9FB-E9C85F2FF1DD}.Release|x86.ActiveCfg = Release|x86
		{8ACDD674-C0BA-4BB6-B9FB-E9C85F2FF1DD}.Release|x86.Build.0 = Release|x86
		{84BA66CC-D7B4-49C2-8DAF-8F22CF23A6F2}.Debug|Any CPU.ActiveCfg = Debug|Any CPU
		{84BA66CC-D7B4-49C2-8DAF-8F22CF23A6F2}.Debug|Any CPU.Build.0 = Debug|Any CPU
		{84BA66CC-D7B4-49C2-8DAF-8F22CF23A6F2}.Debug|x86.ActiveCfg = Debug|Any CPU
		{84BA66CC-D7B4-49C2-8DAF-8F22CF23A6F2}.Debug|x86.Build.0 = Debug|Any CPU
		{84BA66CC-D7B4-49C2-8DAF-8F22CF23A6F2}.Release|Any CPU.ActiveCfg = Release|Any CPU
		{84BA66CC-D7B4-49C2-8DAF-8F22CF23A6F2}.Release|Any CPU.Build.0 = Release|Any CPU
		{84BA66CC-D7B4-49C2-8DAF-8F22CF23A6F2}.Release|x86.ActiveCfg = Release|Any CPU
		{84BA66CC-D7B4-49C2-8DAF-8F22CF23A6F2}.Release|x86.Build.0 = Release|Any CPU
	EndGlobalSection
	GlobalSection(SolutionProperties) = preSolution
		HideSolutionNode = FALSE
	EndGlobalSection
EndGlobal
